// !$*UTF8*$!
{
	archiveVersion = 1;
	classes = {
	};
	objectVersion = 56;
	objects = {

/* Begin PBXBuildFile section */
		3D07506D2A97B89A0044B83A /* Pretendard-Medium.otf in Resources */ = {isa = PBXBuildFile; fileRef = 3D0750642A97B89A0044B83A /* Pretendard-Medium.otf */; };
		3D07506E2A97B89A0044B83A /* Pretendard-Thin.otf in Resources */ = {isa = PBXBuildFile; fileRef = 3D0750652A97B89A0044B83A /* Pretendard-Thin.otf */; };
		3D07506F2A97B89A0044B83A /* Pretendard-Bold.otf in Resources */ = {isa = PBXBuildFile; fileRef = 3D0750662A97B89A0044B83A /* Pretendard-Bold.otf */; };
		3D0750702A97B89A0044B83A /* Pretendard-ExtraBold.otf in Resources */ = {isa = PBXBuildFile; fileRef = 3D0750672A97B89A0044B83A /* Pretendard-ExtraBold.otf */; };
		3D0750712A97B89A0044B83A /* Pretendard-ExtraLight.otf in Resources */ = {isa = PBXBuildFile; fileRef = 3D0750682A97B89A0044B83A /* Pretendard-ExtraLight.otf */; };
		3D0750722A97B89A0044B83A /* Pretendard-SemiBold.otf in Resources */ = {isa = PBXBuildFile; fileRef = 3D0750692A97B89A0044B83A /* Pretendard-SemiBold.otf */; };
		3D0750732A97B89A0044B83A /* Pretendard-Black.otf in Resources */ = {isa = PBXBuildFile; fileRef = 3D07506A2A97B89A0044B83A /* Pretendard-Black.otf */; };
		3D0750742A97B89A0044B83A /* Pretendard-Light.otf in Resources */ = {isa = PBXBuildFile; fileRef = 3D07506B2A97B89A0044B83A /* Pretendard-Light.otf */; };
		3D0750752A97B89A0044B83A /* Pretendard-Regular.otf in Resources */ = {isa = PBXBuildFile; fileRef = 3D07506C2A97B89A0044B83A /* Pretendard-Regular.otf */; };
		3D0750822A97B9330044B83A /* Roboto-Black.ttf in Resources */ = {isa = PBXBuildFile; fileRef = 3D0750762A97B9320044B83A /* Roboto-Black.ttf */; };
		3D0750832A97B9330044B83A /* Roboto-Italic.ttf in Resources */ = {isa = PBXBuildFile; fileRef = 3D0750772A97B9320044B83A /* Roboto-Italic.ttf */; };
		3D0750842A97B9330044B83A /* Roboto-LightItalic.ttf in Resources */ = {isa = PBXBuildFile; fileRef = 3D0750782A97B9320044B83A /* Roboto-LightItalic.ttf */; };
		3D0750852A97B9330044B83A /* Roboto-ThinItalic.ttf in Resources */ = {isa = PBXBuildFile; fileRef = 3D0750792A97B9320044B83A /* Roboto-ThinItalic.ttf */; };
		3D0750862A97B9330044B83A /* Roboto-BlackItalic.ttf in Resources */ = {isa = PBXBuildFile; fileRef = 3D07507A2A97B9320044B83A /* Roboto-BlackItalic.ttf */; };
		3D0750872A97B9330044B83A /* Roboto-Thin.ttf in Resources */ = {isa = PBXBuildFile; fileRef = 3D07507B2A97B9320044B83A /* Roboto-Thin.ttf */; };
		3D0750882A97B9330044B83A /* Roboto-BoldItalic.ttf in Resources */ = {isa = PBXBuildFile; fileRef = 3D07507C2A97B9320044B83A /* Roboto-BoldItalic.ttf */; };
		3D0750892A97B9330044B83A /* Roboto-Light.ttf in Resources */ = {isa = PBXBuildFile; fileRef = 3D07507D2A97B9330044B83A /* Roboto-Light.ttf */; };
		3D07508A2A97B9330044B83A /* Roboto-MediumItalic.ttf in Resources */ = {isa = PBXBuildFile; fileRef = 3D07507E2A97B9330044B83A /* Roboto-MediumItalic.ttf */; };
		3D07508B2A97B9330044B83A /* Roboto-Regular.ttf in Resources */ = {isa = PBXBuildFile; fileRef = 3D07507F2A97B9330044B83A /* Roboto-Regular.ttf */; };
		3D07508C2A97B9330044B83A /* Roboto-Medium.ttf in Resources */ = {isa = PBXBuildFile; fileRef = 3D0750802A97B9330044B83A /* Roboto-Medium.ttf */; };
		3D07508D2A97B9330044B83A /* Roboto-Bold.ttf in Resources */ = {isa = PBXBuildFile; fileRef = 3D0750812A97B9330044B83A /* Roboto-Bold.ttf */; };
		3D0750932A97C90D0044B83A /* BaseVC.swift in Sources */ = {isa = PBXBuildFile; fileRef = 3D0750922A97C90D0044B83A /* BaseVC.swift */; };
		3D95C88E2A816E730062E185 /* AppDelegate.swift in Sources */ = {isa = PBXBuildFile; fileRef = 3D95C88D2A816E730062E185 /* AppDelegate.swift */; };
		3D95C8902A816E730062E185 /* SceneDelegate.swift in Sources */ = {isa = PBXBuildFile; fileRef = 3D95C88F2A816E730062E185 /* SceneDelegate.swift */; };
		3D95C8922A816E730062E185 /* ViewController.swift in Sources */ = {isa = PBXBuildFile; fileRef = 3D95C8912A816E730062E185 /* ViewController.swift */; };
		3D95C8972A816E740062E185 /* Assets.xcassets in Resources */ = {isa = PBXBuildFile; fileRef = 3D95C8962A816E740062E185 /* Assets.xcassets */; };
		3D95C89A2A816E740062E185 /* LaunchScreen.storyboard in Resources */ = {isa = PBXBuildFile; fileRef = 3D95C8982A816E740062E185 /* LaunchScreen.storyboard */; };
		3D95C8A52A816E740062E185 /* Stack_Knowledge_iOSTests.swift in Sources */ = {isa = PBXBuildFile; fileRef = 3D95C8A42A816E740062E185 /* Stack_Knowledge_iOSTests.swift */; };
		3D95C8AF2A816E740062E185 /* Stack_Knowledge_iOSUITests.swift in Sources */ = {isa = PBXBuildFile; fileRef = 3D95C8AE2A816E740062E185 /* Stack_Knowledge_iOSUITests.swift */; };
		3D95C8B12A816E740062E185 /* Stack_Knowledge_iOSUITestsLaunchTests.swift in Sources */ = {isa = PBXBuildFile; fileRef = 3D95C8B02A816E740062E185 /* Stack_Knowledge_iOSUITestsLaunchTests.swift */; };
		3D95C8BF2A81762F0062E185 /* BaseVC.swift in Sources */ = {isa = PBXBuildFile; fileRef = 3D95C8BE2A81762F0062E185 /* BaseVC.swift */; };
		3D95C8C02A81762F0062E185 /* BaseVC.swift in Sources */ = {isa = PBXBuildFile; fileRef = 3D95C8BE2A81762F0062E185 /* BaseVC.swift */; };
		3D95C8C12A81762F0062E185 /* BaseVC.swift in Sources */ = {isa = PBXBuildFile; fileRef = 3D95C8BE2A81762F0062E185 /* BaseVC.swift */; };
/* End PBXBuildFile section */

/* Begin PBXContainerItemProxy section */
		3D95C8A12A816E740062E185 /* PBXContainerItemProxy */ = {
			isa = PBXContainerItemProxy;
			containerPortal = 3D95C8822A816E730062E185 /* Project object */;
			proxyType = 1;
			remoteGlobalIDString = 3D95C8892A816E730062E185;
			remoteInfo = "Stack-Knowledge-iOS";
		};
		3D95C8AB2A816E740062E185 /* PBXContainerItemProxy */ = {
			isa = PBXContainerItemProxy;
			containerPortal = 3D95C8822A816E730062E185 /* Project object */;
			proxyType = 1;
			remoteGlobalIDString = 3D95C8892A816E730062E185;
			remoteInfo = "Stack-Knowledge-iOS";
		};
/* End PBXContainerItemProxy section */

/* Begin PBXFileReference section */
		3D0750642A97B89A0044B83A /* Pretendard-Medium.otf */ = {isa = PBXFileReference; lastKnownFileType = file; path = "Pretendard-Medium.otf"; sourceTree = "<group>"; };
		3D0750652A97B89A0044B83A /* Pretendard-Thin.otf */ = {isa = PBXFileReference; lastKnownFileType = file; path = "Pretendard-Thin.otf"; sourceTree = "<group>"; };
		3D0750662A97B89A0044B83A /* Pretendard-Bold.otf */ = {isa = PBXFileReference; lastKnownFileType = file; path = "Pretendard-Bold.otf"; sourceTree = "<group>"; };
		3D0750672A97B89A0044B83A /* Pretendard-ExtraBold.otf */ = {isa = PBXFileReference; lastKnownFileType = file; path = "Pretendard-ExtraBold.otf"; sourceTree = "<group>"; };
		3D0750682A97B89A0044B83A /* Pretendard-ExtraLight.otf */ = {isa = PBXFileReference; lastKnownFileType = file; path = "Pretendard-ExtraLight.otf"; sourceTree = "<group>"; };
		3D0750692A97B89A0044B83A /* Pretendard-SemiBold.otf */ = {isa = PBXFileReference; lastKnownFileType = file; path = "Pretendard-SemiBold.otf"; sourceTree = "<group>"; };
		3D07506A2A97B89A0044B83A /* Pretendard-Black.otf */ = {isa = PBXFileReference; lastKnownFileType = file; path = "Pretendard-Black.otf"; sourceTree = "<group>"; };
		3D07506B2A97B89A0044B83A /* Pretendard-Light.otf */ = {isa = PBXFileReference; lastKnownFileType = file; path = "Pretendard-Light.otf"; sourceTree = "<group>"; };
		3D07506C2A97B89A0044B83A /* Pretendard-Regular.otf */ = {isa = PBXFileReference; lastKnownFileType = file; path = "Pretendard-Regular.otf"; sourceTree = "<group>"; };
		3D0750762A97B9320044B83A /* Roboto-Black.ttf */ = {isa = PBXFileReference; lastKnownFileType = file; path = "Roboto-Black.ttf"; sourceTree = "<group>"; };
		3D0750772A97B9320044B83A /* Roboto-Italic.ttf */ = {isa = PBXFileReference; lastKnownFileType = file; path = "Roboto-Italic.ttf"; sourceTree = "<group>"; };
		3D0750782A97B9320044B83A /* Roboto-LightItalic.ttf */ = {isa = PBXFileReference; lastKnownFileType = file; path = "Roboto-LightItalic.ttf"; sourceTree = "<group>"; };
		3D0750792A97B9320044B83A /* Roboto-ThinItalic.ttf */ = {isa = PBXFileReference; lastKnownFileType = file; path = "Roboto-ThinItalic.ttf"; sourceTree = "<group>"; };
		3D07507A2A97B9320044B83A /* Roboto-BlackItalic.ttf */ = {isa = PBXFileReference; lastKnownFileType = file; path = "Roboto-BlackItalic.ttf"; sourceTree = "<group>"; };
		3D07507B2A97B9320044B83A /* Roboto-Thin.ttf */ = {isa = PBXFileReference; lastKnownFileType = file; path = "Roboto-Thin.ttf"; sourceTree = "<group>"; };
		3D07507C2A97B9320044B83A /* Roboto-BoldItalic.ttf */ = {isa = PBXFileReference; lastKnownFileType = file; path = "Roboto-BoldItalic.ttf"; sourceTree = "<group>"; };
		3D07507D2A97B9330044B83A /* Roboto-Light.ttf */ = {isa = PBXFileReference; lastKnownFileType = file; path = "Roboto-Light.ttf"; sourceTree = "<group>"; };
		3D07507E2A97B9330044B83A /* Roboto-MediumItalic.ttf */ = {isa = PBXFileReference; lastKnownFileType = file; path = "Roboto-MediumItalic.ttf"; sourceTree = "<group>"; };
		3D07507F2A97B9330044B83A /* Roboto-Regular.ttf */ = {isa = PBXFileReference; lastKnownFileType = file; path = "Roboto-Regular.ttf"; sourceTree = "<group>"; };
		3D0750802A97B9330044B83A /* Roboto-Medium.ttf */ = {isa = PBXFileReference; lastKnownFileType = file; path = "Roboto-Medium.ttf"; sourceTree = "<group>"; };
		3D0750812A97B9330044B83A /* Roboto-Bold.ttf */ = {isa = PBXFileReference; lastKnownFileType = file; path = "Roboto-Bold.ttf"; sourceTree = "<group>"; };
		3D0750922A97C90D0044B83A /* BaseVC.swift */ = {isa = PBXFileReference; lastKnownFileType = sourcecode.swift; path = BaseVC.swift; sourceTree = "<group>"; };
		3D95C88A2A816E730062E185 /* Stack-Knowledge-iOS.app */ = {isa = PBXFileReference; explicitFileType = wrapper.application; includeInIndex = 0; path = "Stack-Knowledge-iOS.app"; sourceTree = BUILT_PRODUCTS_DIR; };
		3D95C88D2A816E730062E185 /* AppDelegate.swift */ = {isa = PBXFileReference; lastKnownFileType = sourcecode.swift; path = AppDelegate.swift; sourceTree = "<group>"; };
		3D95C88F2A816E730062E185 /* SceneDelegate.swift */ = {isa = PBXFileReference; lastKnownFileType = sourcecode.swift; path = SceneDelegate.swift; sourceTree = "<group>"; };
		3D95C8912A816E730062E185 /* ViewController.swift */ = {isa = PBXFileReference; lastKnownFileType = sourcecode.swift; path = ViewController.swift; sourceTree = "<group>"; };
		3D95C8962A816E740062E185 /* Assets.xcassets */ = {isa = PBXFileReference; lastKnownFileType = folder.assetcatalog; path = Assets.xcassets; sourceTree = "<group>"; };
		3D95C8992A816E740062E185 /* Base */ = {isa = PBXFileReference; lastKnownFileType = file.storyboard; name = Base; path = Base.lproj/LaunchScreen.storyboard; sourceTree = "<group>"; };
		3D95C89B2A816E740062E185 /* Info.plist */ = {isa = PBXFileReference; lastKnownFileType = text.plist.xml; path = Info.plist; sourceTree = "<group>"; };
		3D95C8A02A816E740062E185 /* Stack-Knowledge-iOSTests.xctest */ = {isa = PBXFileReference; explicitFileType = wrapper.cfbundle; includeInIndex = 0; path = "Stack-Knowledge-iOSTests.xctest"; sourceTree = BUILT_PRODUCTS_DIR; };
		3D95C8A42A816E740062E185 /* Stack_Knowledge_iOSTests.swift */ = {isa = PBXFileReference; lastKnownFileType = sourcecode.swift; path = Stack_Knowledge_iOSTests.swift; sourceTree = "<group>"; };
		3D95C8AA2A816E740062E185 /* Stack-Knowledge-iOSUITests.xctest */ = {isa = PBXFileReference; explicitFileType = wrapper.cfbundle; includeInIndex = 0; path = "Stack-Knowledge-iOSUITests.xctest"; sourceTree = BUILT_PRODUCTS_DIR; };
		3D95C8AE2A816E740062E185 /* Stack_Knowledge_iOSUITests.swift */ = {isa = PBXFileReference; lastKnownFileType = sourcecode.swift; path = Stack_Knowledge_iOSUITests.swift; sourceTree = "<group>"; };
		3D95C8B02A816E740062E185 /* Stack_Knowledge_iOSUITestsLaunchTests.swift */ = {isa = PBXFileReference; lastKnownFileType = sourcecode.swift; path = Stack_Knowledge_iOSUITestsLaunchTests.swift; sourceTree = "<group>"; };
		3D95C8BE2A81762F0062E185 /* BaseVC.swift */ = {isa = PBXFileReference; lastKnownFileType = sourcecode.swift; path = BaseVC.swift; sourceTree = "<group>"; };
/* End PBXFileReference section */

/* Begin PBXFrameworksBuildPhase section */
		3D95C8872A816E730062E185 /* Frameworks */ = {
			isa = PBXFrameworksBuildPhase;
			buildActionMask = 2147483647;
			files = (
			);
			runOnlyForDeploymentPostprocessing = 0;
		};
		3D95C89D2A816E740062E185 /* Frameworks */ = {
			isa = PBXFrameworksBuildPhase;
			buildActionMask = 2147483647;
			files = (
			);
			runOnlyForDeploymentPostprocessing = 0;
		};
		3D95C8A72A816E740062E185 /* Frameworks */ = {
			isa = PBXFrameworksBuildPhase;
			buildActionMask = 2147483647;
			files = (
			);
			runOnlyForDeploymentPostprocessing = 0;
		};
/* End PBXFrameworksBuildPhase section */

/* Begin PBXGroup section */
		3D0750632A97B7F90044B83A /* Fonts */ = {
			isa = PBXGroup;
			children = (
				3D07506A2A97B89A0044B83A /* Pretendard-Black.otf */,
				3D0750662A97B89A0044B83A /* Pretendard-Bold.otf */,
				3D0750672A97B89A0044B83A /* Pretendard-ExtraBold.otf */,
				3D0750682A97B89A0044B83A /* Pretendard-ExtraLight.otf */,
				3D07506B2A97B89A0044B83A /* Pretendard-Light.otf */,
				3D0750642A97B89A0044B83A /* Pretendard-Medium.otf */,
				3D07506C2A97B89A0044B83A /* Pretendard-Regular.otf */,
				3D0750692A97B89A0044B83A /* Pretendard-SemiBold.otf */,
				3D0750652A97B89A0044B83A /* Pretendard-Thin.otf */,
				3D0750762A97B9320044B83A /* Roboto-Black.ttf */,
				3D07507A2A97B9320044B83A /* Roboto-BlackItalic.ttf */,
				3D0750812A97B9330044B83A /* Roboto-Bold.ttf */,
				3D07507C2A97B9320044B83A /* Roboto-BoldItalic.ttf */,
				3D0750772A97B9320044B83A /* Roboto-Italic.ttf */,
				3D07507D2A97B9330044B83A /* Roboto-Light.ttf */,
				3D0750782A97B9320044B83A /* Roboto-LightItalic.ttf */,
				3D0750802A97B9330044B83A /* Roboto-Medium.ttf */,
				3D07507E2A97B9330044B83A /* Roboto-MediumItalic.ttf */,
				3D07507F2A97B9330044B83A /* Roboto-Regular.ttf */,
				3D07507B2A97B9320044B83A /* Roboto-Thin.ttf */,
				3D0750792A97B9320044B83A /* Roboto-ThinItalic.ttf */,
			);
			path = Fonts;
			sourceTree = "<group>";
		};
		3D07508E2A97BBBA0044B83A /* Resources */ = {
			isa = PBXGroup;
			children = (
				3D0750632A97B7F90044B83A /* Fonts */,
				3D95C8962A816E740062E185 /* Assets.xcassets */,
				3D95C8982A816E740062E185 /* LaunchScreen.storyboard */,
			);
			path = Resources;
			sourceTree = "<group>";
		};
		3D07508F2A97C8370044B83A /* Recovered References */ = {
			isa = PBXGroup;
			children = (
				3D95C8BE2A81762F0062E185 /* BaseVC.swift */,
			);
			name = "Recovered References";
			sourceTree = "<group>";
		};
		3D0750912A97C8F60044B83A /* BaseVC */ = {
			isa = PBXGroup;
			children = (
				3D0750922A97C90D0044B83A /* BaseVC.swift */,
			);
			path = BaseVC;
			sourceTree = "<group>";
		};
		3D95C8812A816E730062E185 = {
			isa = PBXGroup;
			children = (
				3D95C88C2A816E730062E185 /* Stack-Knowledge-iOS */,
				3D95C8A32A816E740062E185 /* Stack-Knowledge-iOSTests */,
				3D95C8AD2A816E740062E185 /* Stack-Knowledge-iOSUITests */,
				3D95C88B2A816E730062E185 /* Products */,
				3D07508F2A97C8370044B83A /* Recovered References */,
			);
			sourceTree = "<group>";
		};
		3D95C88B2A816E730062E185 /* Products */ = {
			isa = PBXGroup;
			children = (
				3D95C88A2A816E730062E185 /* Stack-Knowledge-iOS.app */,
				3D95C8A02A816E740062E185 /* Stack-Knowledge-iOSTests.xctest */,
				3D95C8AA2A816E740062E185 /* Stack-Knowledge-iOSUITests.xctest */,
			);
			name = Products;
			sourceTree = "<group>";
		};
		3D95C88C2A816E730062E185 /* Stack-Knowledge-iOS */ = {
			isa = PBXGroup;
			children = (
				3D0750912A97C8F60044B83A /* BaseVC */,
				3D07508E2A97BBBA0044B83A /* Resources */,
				3D95C88D2A816E730062E185 /* AppDelegate.swift */,
				3D95C88F2A816E730062E185 /* SceneDelegate.swift */,
				3D95C8912A816E730062E185 /* ViewController.swift */,
				3D95C89B2A816E740062E185 /* Info.plist */,
			);
			path = "Stack-Knowledge-iOS";
			sourceTree = "<group>";
		};
		3D95C8A32A816E740062E185 /* Stack-Knowledge-iOSTests */ = {
			isa = PBXGroup;
			children = (
				3D95C8A42A816E740062E185 /* Stack_Knowledge_iOSTests.swift */,
			);
			path = "Stack-Knowledge-iOSTests";
			sourceTree = "<group>";
		};
		3D95C8AD2A816E740062E185 /* Stack-Knowledge-iOSUITests */ = {
			isa = PBXGroup;
			children = (
				3D95C8AE2A816E740062E185 /* Stack_Knowledge_iOSUITests.swift */,
				3D95C8B02A816E740062E185 /* Stack_Knowledge_iOSUITestsLaunchTests.swift */,
			);
			path = "Stack-Knowledge-iOSUITests";
			sourceTree = "<group>";
		};
/* End PBXGroup section */

/* Begin PBXNativeTarget section */
		3D95C8892A816E730062E185 /* Stack-Knowledge-iOS */ = {
			isa = PBXNativeTarget;
			buildConfigurationList = 3D95C8B42A816E740062E185 /* Build configuration list for PBXNativeTarget "Stack-Knowledge-iOS" */;
			buildPhases = (
				3D95C8862A816E730062E185 /* Sources */,
				3D95C8872A816E730062E185 /* Frameworks */,
				3D95C8882A816E730062E185 /* Resources */,
			);
			buildRules = (
			);
			dependencies = (
			);
			name = "Stack-Knowledge-iOS";
			productName = "Stack-Knowledge-iOS";
			productReference = 3D95C88A2A816E730062E185 /* Stack-Knowledge-iOS.app */;
			productType = "com.apple.product-type.application";
		};
		3D95C89F2A816E740062E185 /* Stack-Knowledge-iOSTests */ = {
			isa = PBXNativeTarget;
			buildConfigurationList = 3D95C8B72A816E740062E185 /* Build configuration list for PBXNativeTarget "Stack-Knowledge-iOSTests" */;
			buildPhases = (
				3D95C89C2A816E740062E185 /* Sources */,
				3D95C89D2A816E740062E185 /* Frameworks */,
				3D95C89E2A816E740062E185 /* Resources */,
			);
			buildRules = (
			);
			dependencies = (
				3D95C8A22A816E740062E185 /* PBXTargetDependency */,
			);
			name = "Stack-Knowledge-iOSTests";
			productName = "Stack-Knowledge-iOSTests";
			productReference = 3D95C8A02A816E740062E185 /* Stack-Knowledge-iOSTests.xctest */;
			productType = "com.apple.product-type.bundle.unit-test";
		};
		3D95C8A92A816E740062E185 /* Stack-Knowledge-iOSUITests */ = {
			isa = PBXNativeTarget;
			buildConfigurationList = 3D95C8BA2A816E740062E185 /* Build configuration list for PBXNativeTarget "Stack-Knowledge-iOSUITests" */;
			buildPhases = (
				3D95C8A62A816E740062E185 /* Sources */,
				3D95C8A72A816E740062E185 /* Frameworks */,
				3D95C8A82A816E740062E185 /* Resources */,
			);
			buildRules = (
			);
			dependencies = (
				3D95C8AC2A816E740062E185 /* PBXTargetDependency */,
			);
			name = "Stack-Knowledge-iOSUITests";
			productName = "Stack-Knowledge-iOSUITests";
			productReference = 3D95C8AA2A816E740062E185 /* Stack-Knowledge-iOSUITests.xctest */;
			productType = "com.apple.product-type.bundle.ui-testing";
		};
/* End PBXNativeTarget section */

/* Begin PBXProject section */
		3D95C8822A816E730062E185 /* Project object */ = {
			isa = PBXProject;
			attributes = {
				BuildIndependentTargetsInParallel = 1;
				LastSwiftUpdateCheck = 1430;
				LastUpgradeCheck = 1430;
				TargetAttributes = {
					3D95C8892A816E730062E185 = {
						CreatedOnToolsVersion = 14.3.1;
					};
					3D95C89F2A816E740062E185 = {
						CreatedOnToolsVersion = 14.3.1;
						TestTargetID = 3D95C8892A816E730062E185;
					};
					3D95C8A92A816E740062E185 = {
						CreatedOnToolsVersion = 14.3.1;
						TestTargetID = 3D95C8892A816E730062E185;
					};
				};
			};
			buildConfigurationList = 3D95C8852A816E730062E185 /* Build configuration list for PBXProject "Stack-Knowledge-iOS" */;
			compatibilityVersion = "Xcode 14.0";
			developmentRegion = en;
			hasScannedForEncodings = 0;
			knownRegions = (
				en,
				Base,
			);
			mainGroup = 3D95C8812A816E730062E185;
			productRefGroup = 3D95C88B2A816E730062E185 /* Products */;
			projectDirPath = "";
			projectRoot = "";
			targets = (
				3D95C8892A816E730062E185 /* Stack-Knowledge-iOS */,
				3D95C89F2A816E740062E185 /* Stack-Knowledge-iOSTests */,
				3D95C8A92A816E740062E185 /* Stack-Knowledge-iOSUITests */,
			);
		};
/* End PBXProject section */

/* Begin PBXResourcesBuildPhase section */
		3D95C8882A816E730062E185 /* Resources */ = {
			isa = PBXResourcesBuildPhase;
			buildActionMask = 2147483647;
			files = (
				3D0750882A97B9330044B83A /* Roboto-BoldItalic.ttf in Resources */,
				3D0750852A97B9330044B83A /* Roboto-ThinItalic.ttf in Resources */,
				3D07508D2A97B9330044B83A /* Roboto-Bold.ttf in Resources */,
				3D0750712A97B89A0044B83A /* Pretendard-ExtraLight.otf in Resources */,
				3D0750872A97B9330044B83A /* Roboto-Thin.ttf in Resources */,
				3D95C89A2A816E740062E185 /* LaunchScreen.storyboard in Resources */,
				3D0750842A97B9330044B83A /* Roboto-LightItalic.ttf in Resources */,
				3D07506F2A97B89A0044B83A /* Pretendard-Bold.otf in Resources */,
				3D0750742A97B89A0044B83A /* Pretendard-Light.otf in Resources */,
				3D07508C2A97B9330044B83A /* Roboto-Medium.ttf in Resources */,
				3D0750722A97B89A0044B83A /* Pretendard-SemiBold.otf in Resources */,
				3D0750862A97B9330044B83A /* Roboto-BlackItalic.ttf in Resources */,
				3D0750892A97B9330044B83A /* Roboto-Light.ttf in Resources */,
				3D0750832A97B9330044B83A /* Roboto-Italic.ttf in Resources */,
				3D0750732A97B89A0044B83A /* Pretendard-Black.otf in Resources */,
				3D0750702A97B89A0044B83A /* Pretendard-ExtraBold.otf in Resources */,
				3D95C8972A816E740062E185 /* Assets.xcassets in Resources */,
				3D07508B2A97B9330044B83A /* Roboto-Regular.ttf in Resources */,
				3D0750752A97B89A0044B83A /* Pretendard-Regular.otf in Resources */,
				3D07508A2A97B9330044B83A /* Roboto-MediumItalic.ttf in Resources */,
				3D07506D2A97B89A0044B83A /* Pretendard-Medium.otf in Resources */,
				3D07506E2A97B89A0044B83A /* Pretendard-Thin.otf in Resources */,
				3D0750822A97B9330044B83A /* Roboto-Black.ttf in Resources */,
			);
			runOnlyForDeploymentPostprocessing = 0;
		};
		3D95C89E2A816E740062E185 /* Resources */ = {
			isa = PBXResourcesBuildPhase;
			buildActionMask = 2147483647;
			files = (
			);
			runOnlyForDeploymentPostprocessing = 0;
		};
		3D95C8A82A816E740062E185 /* Resources */ = {
			isa = PBXResourcesBuildPhase;
			buildActionMask = 2147483647;
			files = (
			);
			runOnlyForDeploymentPostprocessing = 0;
		};
/* End PBXResourcesBuildPhase section */

/* Begin PBXSourcesBuildPhase section */
		3D95C8862A816E730062E185 /* Sources */ = {
			isa = PBXSourcesBuildPhase;
			buildActionMask = 2147483647;
			files = (
				3D95C8922A816E730062E185 /* ViewController.swift in Sources */,
				3D95C88E2A816E730062E185 /* AppDelegate.swift in Sources */,
				3D95C8902A816E730062E185 /* SceneDelegate.swift in Sources */,
				3D95C8BF2A81762F0062E185 /* BaseVC.swift in Sources */,
				3D0750932A97C90D0044B83A /* BaseVC.swift in Sources */,
			);
			runOnlyForDeploymentPostprocessing = 0;
		};
		3D95C89C2A816E740062E185 /* Sources */ = {
			isa = PBXSourcesBuildPhase;
			buildActionMask = 2147483647;
			files = (
				3D95C8A52A816E740062E185 /* Stack_Knowledge_iOSTests.swift in Sources */,
				3D95C8C02A81762F0062E185 /* BaseVC.swift in Sources */,
			);
			runOnlyForDeploymentPostprocessing = 0;
		};
		3D95C8A62A816E740062E185 /* Sources */ = {
			isa = PBXSourcesBuildPhase;
			buildActionMask = 2147483647;
			files = (
				3D95C8B12A816E740062E185 /* Stack_Knowledge_iOSUITestsLaunchTests.swift in Sources */,
				3D95C8C12A81762F0062E185 /* BaseVC.swift in Sources */,
				3D95C8AF2A816E740062E185 /* Stack_Knowledge_iOSUITests.swift in Sources */,
			);
			runOnlyForDeploymentPostprocessing = 0;
		};
/* End PBXSourcesBuildPhase section */

/* Begin PBXTargetDependency section */
		3D95C8A22A816E740062E185 /* PBXTargetDependency */ = {
			isa = PBXTargetDependency;
			target = 3D95C8892A816E730062E185 /* Stack-Knowledge-iOS */;
			targetProxy = 3D95C8A12A816E740062E185 /* PBXContainerItemProxy */;
		};
		3D95C8AC2A816E740062E185 /* PBXTargetDependency */ = {
			isa = PBXTargetDependency;
			target = 3D95C8892A816E730062E185 /* Stack-Knowledge-iOS */;
			targetProxy = 3D95C8AB2A816E740062E185 /* PBXContainerItemProxy */;
		};
/* End PBXTargetDependency section */

/* Begin PBXVariantGroup section */
		3D95C8982A816E740062E185 /* LaunchScreen.storyboard */ = {
			isa = PBXVariantGroup;
			children = (
				3D95C8992A816E740062E185 /* Base */,
			);
			name = LaunchScreen.storyboard;
			sourceTree = "<group>";
		};
/* End PBXVariantGroup section */

/* Begin XCBuildConfiguration section */
		3D95C8B22A816E740062E185 /* Debug */ = {
			isa = XCBuildConfiguration;
			buildSettings = {
				ALWAYS_SEARCH_USER_PATHS = NO;
				CLANG_ANALYZER_NONNULL = YES;
				CLANG_ANALYZER_NUMBER_OBJECT_CONVERSION = YES_AGGRESSIVE;
				CLANG_CXX_LANGUAGE_STANDARD = "gnu++20";
				CLANG_ENABLE_MODULES = YES;
				CLANG_ENABLE_OBJC_ARC = YES;
				CLANG_ENABLE_OBJC_WEAK = YES;
				CLANG_WARN_BLOCK_CAPTURE_AUTORELEASING = YES;
				CLANG_WARN_BOOL_CONVERSION = YES;
				CLANG_WARN_COMMA = YES;
				CLANG_WARN_CONSTANT_CONVERSION = YES;
				CLANG_WARN_DEPRECATED_OBJC_IMPLEMENTATIONS = YES;
				CLANG_WARN_DIRECT_OBJC_ISA_USAGE = YES_ERROR;
				CLANG_WARN_DOCUMENTATION_COMMENTS = YES;
				CLANG_WARN_EMPTY_BODY = YES;
				CLANG_WARN_ENUM_CONVERSION = YES;
				CLANG_WARN_INFINITE_RECURSION = YES;
				CLANG_WARN_INT_CONVERSION = YES;
				CLANG_WARN_NON_LITERAL_NULL_CONVERSION = YES;
				CLANG_WARN_OBJC_IMPLICIT_RETAIN_SELF = YES;
				CLANG_WARN_OBJC_LITERAL_CONVERSION = YES;
				CLANG_WARN_OBJC_ROOT_CLASS = YES_ERROR;
				CLANG_WARN_QUOTED_INCLUDE_IN_FRAMEWORK_HEADER = YES;
				CLANG_WARN_RANGE_LOOP_ANALYSIS = YES;
				CLANG_WARN_STRICT_PROTOTYPES = YES;
				CLANG_WARN_SUSPICIOUS_MOVE = YES;
				CLANG_WARN_UNGUARDED_AVAILABILITY = YES_AGGRESSIVE;
				CLANG_WARN_UNREACHABLE_CODE = YES;
				CLANG_WARN__DUPLICATE_METHOD_MATCH = YES;
				COPY_PHASE_STRIP = NO;
				DEBUG_INFORMATION_FORMAT = dwarf;
				ENABLE_STRICT_OBJC_MSGSEND = YES;
				ENABLE_TESTABILITY = YES;
				GCC_C_LANGUAGE_STANDARD = gnu11;
				GCC_DYNAMIC_NO_PIC = NO;
				GCC_NO_COMMON_BLOCKS = YES;
				GCC_OPTIMIZATION_LEVEL = 0;
				GCC_PREPROCESSOR_DEFINITIONS = (
					"DEBUG=1",
					"$(inherited)",
				);
				GCC_WARN_64_TO_32_BIT_CONVERSION = YES;
				GCC_WARN_ABOUT_RETURN_TYPE = YES_ERROR;
				GCC_WARN_UNDECLARED_SELECTOR = YES;
				GCC_WARN_UNINITIALIZED_AUTOS = YES_AGGRESSIVE;
				GCC_WARN_UNUSED_FUNCTION = YES;
				GCC_WARN_UNUSED_VARIABLE = YES;
				IPHONEOS_DEPLOYMENT_TARGET = 16.4;
				MTL_ENABLE_DEBUG_INFO = INCLUDE_SOURCE;
				MTL_FAST_MATH = YES;
				ONLY_ACTIVE_ARCH = YES;
				SDKROOT = iphoneos;
				SWIFT_ACTIVE_COMPILATION_CONDITIONS = DEBUG;
				SWIFT_OPTIMIZATION_LEVEL = "-Onone";
			};
			name = Debug;
		};
		3D95C8B32A816E740062E185 /* Release */ = {
			isa = XCBuildConfiguration;
			buildSettings = {
				ALWAYS_SEARCH_USER_PATHS = NO;
				CLANG_ANALYZER_NONNULL = YES;
				CLANG_ANALYZER_NUMBER_OBJECT_CONVERSION = YES_AGGRESSIVE;
				CLANG_CXX_LANGUAGE_STANDARD = "gnu++20";
				CLANG_ENABLE_MODULES = YES;
				CLANG_ENABLE_OBJC_ARC = YES;
				CLANG_ENABLE_OBJC_WEAK = YES;
				CLANG_WARN_BLOCK_CAPTURE_AUTORELEASING = YES;
				CLANG_WARN_BOOL_CONVERSION = YES;
				CLANG_WARN_COMMA = YES;
				CLANG_WARN_CONSTANT_CONVERSION = YES;
				CLANG_WARN_DEPRECATED_OBJC_IMPLEMENTATIONS = YES;
				CLANG_WARN_DIRECT_OBJC_ISA_USAGE = YES_ERROR;
				CLANG_WARN_DOCUMENTATION_COMMENTS = YES;
				CLANG_WARN_EMPTY_BODY = YES;
				CLANG_WARN_ENUM_CONVERSION = YES;
				CLANG_WARN_INFINITE_RECURSION = YES;
				CLANG_WARN_INT_CONVERSION = YES;
				CLANG_WARN_NON_LITERAL_NULL_CONVERSION = YES;
				CLANG_WARN_OBJC_IMPLICIT_RETAIN_SELF = YES;
				CLANG_WARN_OBJC_LITERAL_CONVERSION = YES;
				CLANG_WARN_OBJC_ROOT_CLASS = YES_ERROR;
				CLANG_WARN_QUOTED_INCLUDE_IN_FRAMEWORK_HEADER = YES;
				CLANG_WARN_RANGE_LOOP_ANALYSIS = YES;
				CLANG_WARN_STRICT_PROTOTYPES = YES;
				CLANG_WARN_SUSPICIOUS_MOVE = YES;
				CLANG_WARN_UNGUARDED_AVAILABILITY = YES_AGGRESSIVE;
				CLANG_WARN_UNREACHABLE_CODE = YES;
				CLANG_WARN__DUPLICATE_METHOD_MATCH = YES;
				COPY_PHASE_STRIP = NO;
				DEBUG_INFORMATION_FORMAT = "dwarf-with-dsym";
				ENABLE_NS_ASSERTIONS = NO;
				ENABLE_STRICT_OBJC_MSGSEND = YES;
				GCC_C_LANGUAGE_STANDARD = gnu11;
				GCC_NO_COMMON_BLOCKS = YES;
				GCC_WARN_64_TO_32_BIT_CONVERSION = YES;
				GCC_WARN_ABOUT_RETURN_TYPE = YES_ERROR;
				GCC_WARN_UNDECLARED_SELECTOR = YES;
				GCC_WARN_UNINITIALIZED_AUTOS = YES_AGGRESSIVE;
				GCC_WARN_UNUSED_FUNCTION = YES;
				GCC_WARN_UNUSED_VARIABLE = YES;
				IPHONEOS_DEPLOYMENT_TARGET = 16.4;
				MTL_ENABLE_DEBUG_INFO = NO;
				MTL_FAST_MATH = YES;
				SDKROOT = iphoneos;
				SWIFT_COMPILATION_MODE = wholemodule;
				SWIFT_OPTIMIZATION_LEVEL = "-O";
				VALIDATE_PRODUCT = YES;
			};
			name = Release;
		};
		3D95C8B52A816E740062E185 /* Debug */ = {
			isa = XCBuildConfiguration;
			buildSettings = {
				ASSETCATALOG_COMPILER_APPICON_NAME = AppIcon;
				ASSETCATALOG_COMPILER_GLOBAL_ACCENT_COLOR_NAME = AccentColor;
				CODE_SIGN_STYLE = Automatic;
				CURRENT_PROJECT_VERSION = 1;
				DEVELOPMENT_TEAM = 6WZYJKR3V9;
				GENERATE_INFOPLIST_FILE = YES;
				INFOPLIST_FILE = "Stack-Knowledge-iOS/Info.plist";
				INFOPLIST_KEY_UIApplicationSupportsIndirectInputEvents = YES;
				INFOPLIST_KEY_UILaunchStoryboardName = LaunchScreen;
				INFOPLIST_KEY_UISupportedInterfaceOrientations_iPad = "UIInterfaceOrientationPortrait UIInterfaceOrientationPortraitUpsideDown UIInterfaceOrientationLandscapeLeft UIInterfaceOrientationLandscapeRight";
				INFOPLIST_KEY_UISupportedInterfaceOrientations_iPhone = "UIInterfaceOrientationPortrait UIInterfaceOrientationLandscapeLeft UIInterfaceOrientationLandscapeRight";
				IPHONEOS_DEPLOYMENT_TARGET = 15.4;
				LD_RUNPATH_SEARCH_PATHS = (
					"$(inherited)",
					"@executable_path/Frameworks",
				);
				MARKETING_VERSION = 1.0;
				PRODUCT_BUNDLE_IDENTIFIER = "com.KHcoding.Stack-Knowledge-iOS";
				PRODUCT_NAME = "$(TARGET_NAME)";
				SWIFT_EMIT_LOC_STRINGS = YES;
				SWIFT_VERSION = 5.0;
				TARGETED_DEVICE_FAMILY = "1,2";
			};
			name = Debug;
		};
		3D95C8B62A816E740062E185 /* Release */ = {
			isa = XCBuildConfiguration;
			buildSettings = {
				ASSETCATALOG_COMPILER_APPICON_NAME = AppIcon;
				ASSETCATALOG_COMPILER_GLOBAL_ACCENT_COLOR_NAME = AccentColor;
				CODE_SIGN_STYLE = Automatic;
				CURRENT_PROJECT_VERSION = 1;
				DEVELOPMENT_TEAM = 6WZYJKR3V9;
				GENERATE_INFOPLIST_FILE = YES;
				INFOPLIST_FILE = "Stack-Knowledge-iOS/Info.plist";
				INFOPLIST_KEY_UIApplicationSupportsIndirectInputEvents = YES;
				INFOPLIST_KEY_UILaunchStoryboardName = LaunchScreen;
				INFOPLIST_KEY_UISupportedInterfaceOrientations_iPad = "UIInterfaceOrientationPortrait UIInterfaceOrientationPortraitUpsideDown UIInterfaceOrientationLandscapeLeft UIInterfaceOrientationLandscapeRight";
				INFOPLIST_KEY_UISupportedInterfaceOrientations_iPhone = "UIInterfaceOrientationPortrait UIInterfaceOrientationLandscapeLeft UIInterfaceOrientationLandscapeRight";
				IPHONEOS_DEPLOYMENT_TARGET = 15.4;
				LD_RUNPATH_SEARCH_PATHS = (
					"$(inherited)",
					"@executable_path/Frameworks",
				);
				MARKETING_VERSION = 1.0;
				PRODUCT_BUNDLE_IDENTIFIER = "com.KHcoding.Stack-Knowledge-iOS";
				PRODUCT_NAME = "$(TARGET_NAME)";
				SWIFT_EMIT_LOC_STRINGS = YES;
				SWIFT_VERSION = 5.0;
				TARGETED_DEVICE_FAMILY = "1,2";
			};
			name = Release;
		};
		3D95C8B82A816E740062E185 /* Debug */ = {
			isa = XCBuildConfiguration;
			buildSettings = {
				ALWAYS_EMBED_SWIFT_STANDARD_LIBRARIES = YES;
				BUNDLE_LOADER = "$(TEST_HOST)";
				CODE_SIGN_STYLE = Automatic;
				CURRENT_PROJECT_VERSION = 1;
				DEVELOPMENT_TEAM = 6WZYJKR3V9;
				GENERATE_INFOPLIST_FILE = YES;
				IPHONEOS_DEPLOYMENT_TARGET = 16.4;
				MARKETING_VERSION = 1.0;
				PRODUCT_BUNDLE_IDENTIFIER = "com.KHcoding.Stack-Knowledge-iOSTests";
				PRODUCT_NAME = "$(TARGET_NAME)";
				SWIFT_EMIT_LOC_STRINGS = NO;
				SWIFT_VERSION = 5.0;
				TARGETED_DEVICE_FAMILY = "1,2";
				TEST_HOST = "$(BUILT_PRODUCTS_DIR)/Stack-Knowledge-iOS.app/$(BUNDLE_EXECUTABLE_FOLDER_PATH)/Stack-Knowledge-iOS";
			};
			name = Debug;
		};
		3D95C8B92A816E740062E185 /* Release */ = {
			isa = XCBuildConfiguration;
			buildSettings = {
				ALWAYS_EMBED_SWIFT_STANDARD_LIBRARIES = YES;
				BUNDLE_LOADER = "$(TEST_HOST)";
				CODE_SIGN_STYLE = Automatic;
				CURRENT_PROJECT_VERSION = 1;
				DEVELOPMENT_TEAM = 6WZYJKR3V9;
				GENERATE_INFOPLIST_FILE = YES;
				IPHONEOS_DEPLOYMENT_TARGET = 16.4;
				MARKETING_VERSION = 1.0;
				PRODUCT_BUNDLE_IDENTIFIER = "com.KHcoding.Stack-Knowledge-iOSTests";
				PRODUCT_NAME = "$(TARGET_NAME)";
				SWIFT_EMIT_LOC_STRINGS = NO;
				SWIFT_VERSION = 5.0;
				TARGETED_DEVICE_FAMILY = "1,2";
				TEST_HOST = "$(BUILT_PRODUCTS_DIR)/Stack-Knowledge-iOS.app/$(BUNDLE_EXECUTABLE_FOLDER_PATH)/Stack-Knowledge-iOS";
			};
			name = Release;
		};
		3D95C8BB2A816E740062E185 /* Debug */ = {
			isa = XCBuildConfiguration;
			buildSettings = {
				ALWAYS_EMBED_SWIFT_STANDARD_LIBRARIES = YES;
				CODE_SIGN_STYLE = Automatic;
				CURRENT_PROJECT_VERSION = 1;
				DEVELOPMENT_TEAM = 6WZYJKR3V9;
				GENERATE_INFOPLIST_FILE = YES;
				MARKETING_VERSION = 1.0;
				PRODUCT_BUNDLE_IDENTIFIER = "com.KHcoding.Stack-Knowledge-iOSUITests";
				PRODUCT_NAME = "$(TARGET_NAME)";
				SWIFT_EMIT_LOC_STRINGS = NO;
				SWIFT_VERSION = 5.0;
				TARGETED_DEVICE_FAMILY = "1,2";
				TEST_TARGET_NAME = "Stack-Knowledge-iOS";
			};
			name = Debug;
		};
		3D95C8BC2A816E740062E185 /* Release */ = {
			isa = XCBuildConfiguration;
			buildSettings = {
				ALWAYS_EMBED_SWIFT_STANDARD_LIBRARIES = YES;
				CODE_SIGN_STYLE = Automatic;
				CURRENT_PROJECT_VERSION = 1;
				DEVELOPMENT_TEAM = 6WZYJKR3V9;
				GENERATE_INFOPLIST_FILE = YES;
				MARKETING_VERSION = 1.0;
				PRODUCT_BUNDLE_IDENTIFIER = "com.KHcoding.Stack-Knowledge-iOSUITests";
				PRODUCT_NAME = "$(TARGET_NAME)";
				SWIFT_EMIT_LOC_STRINGS = NO;
				SWIFT_VERSION = 5.0;
				TARGETED_DEVICE_FAMILY = "1,2";
				TEST_TARGET_NAME = "Stack-Knowledge-iOS";
			};
			name = Release;
		};
/* End XCBuildConfiguration section */

/* Begin XCConfigurationList section */
		3D95C8852A816E730062E185 /* Build configuration list for PBXProject "Stack-Knowledge-iOS" */ = {
			isa = XCConfigurationList;
			buildConfigurations = (
				3D95C8B22A816E740062E185 /* Debug */,
				3D95C8B32A816E740062E185 /* Release */,
			);
			defaultConfigurationIsVisible = 0;
			defaultConfigurationName = Release;
		};
		3D95C8B42A816E740062E185 /* Build configuration list for PBXNativeTarget "Stack-Knowledge-iOS" */ = {
			isa = XCConfigurationList;
			buildConfigurations = (
				3D95C8B52A816E740062E185 /* Debug */,
				3D95C8B62A816E740062E185 /* Release */,
			);
			defaultConfigurationIsVisible = 0;
			defaultConfigurationName = Release;
		};
		3D95C8B72A816E740062E185 /* Build configuration list for PBXNativeTarget "Stack-Knowledge-iOSTests" */ = {
			isa = XCConfigurationList;
			buildConfigurations = (
				3D95C8B82A816E740062E185 /* Debug */,
				3D95C8B92A816E740062E185 /* Release */,
			);
			defaultConfigurationIsVisible = 0;
			defaultConfigurationName = Release;
		};
		3D95C8BA2A816E740062E185 /* Build configuration list for PBXNativeTarget "Stack-Knowledge-iOSUITests" */ = {
			isa = XCConfigurationList;
			buildConfigurations = (
				3D95C8BB2A816E740062E185 /* Debug */,
				3D95C8BC2A816E740062E185 /* Release */,
			);
			defaultConfigurationIsVisible = 0;
			defaultConfigurationName = Release;
		};
/* End XCConfigurationList section */
	};
	rootObject = 3D95C8822A816E730062E185 /* Project object */;
}
